
Microsoft Visual Studio Solution File, Format Version 12.00
# Visual Studio Version 16
VisualStudioVersion = 16.0.29613.14
MinimumVisualStudioVersion = 10.0.40219.1
Project("{FAE04EC0-301F-11D3-BF4B-00C04F79EFBC}") = "Monda", "Monda\Monda.csproj", "{55925854-558A-4EE5-BC33-9466FC2CA802}"
EndProject
Global
	GlobalSection(SolutionConfigurationPlatforms) = preSolution
		Debug|Any CPU = Debug|Any CPU
		Release|Any CPU = Release|Any CPU
	EndGlobalSection
	GlobalSection(ProjectConfigurationPlatforms) = postSolution
		{55925854-558A-4EE5-BC33-9466FC2CA802}.Debug|Any CPU.ActiveCfg = Debug|Any CPU
		{55925854-558A-4EE5-BC33-9466FC2CA802}.Debug|Any CPU.Build.0 = Debug|Any CPU
		{55925854-558A-4EE5-BC33-9466FC2CA802}.Release|Any CPU.ActiveCfg = Release|Any CPU
		{55925854-558A-4EE5-BC33-9466FC2CA802}.Release|Any CPU.Build.0 = Release|Any CPU
	EndGlobalSection
	GlobalSection(SolutionProperties) = preSolution
		HideSolutionNode = FALSE
	EndGlobalSection
	GlobalSection(ExtensibilityGlobals) = postSolution
		SolutionGuid = {5D27A1BE-FD4B-42FB-BAF8-EB61345F1CA9}
	EndGlobalSection
EndGlobal
